{
  "originHash" : "cf9bd1eee1b95f5d52477c405ef82c83e7b2f8c6c7a7f1d057ae7e53ef57d391",
  "pins" : [
    {
      "identity" : "appauth-ios",
      "kind" : "remoteSourceControl",
      "location" : "https://github.com/openid/AppAuth-iOS.git",
      "state" : {
        "revision" : "c89ed571ae140f8eb1142735e6e23d7bb8c34cb2",
        "version" : "1.7.5"
      }
    },
    {
      "identity" : "pingone-mobile-sdk-ios",
      "kind" : "remoteSourceControl",
      "location" : "https://github.com/pingidentity/pingone-mobile-sdk-ios.git",
      "state" : {
        "branch" : "main",
        "revision" : "9e0da577cd1491f0a47c0554258966dcbb11c0cb"
      }
    },
    {
      "identity" : "pingone-signals-sdk-ios",
      "kind" : "remoteSourceControl",
      "location" : "https://github.com/pingidentity/pingone-signals-sdk-ios",
      "state" : {
        "branch" : "main",
        "revision" : "0d59784a017a72020a0983712d4c04de9c0433ac"
      }
    }
  ],
  "version" : 3
}
