{
  "pins" : [
    {
      "identity" : "appauth-ios",
      "kind" : "remoteSourceControl",
      "location" : "https://github.com/openid/AppAuth-iOS.git",
      "state" : {
        "revision" : "71cde449f13d453227e687458144bde372d30fc7",
        "version" : "1.6.2"
      }
    },
    {
      "identity" : "pingone-mobile-sdk-ios",
      "kind" : "remoteSourceControl",
      "location" : "https://github.com/pingidentity/pingone-mobile-sdk-ios.git",
      "state" : {
        "branch" : "main",
        "revision" : "5a4d652e6d63b0ded2efed7312aeacb595f7aec4"
      }
    }
  ],
  "version" : 2
}
